{
  "name": "marketplace-example",
  "version": "1.0.0",
  "lockfileVersion": 1,
  "requires": true,
  "dependencies": {
    "@platform-os/testcafe-helpers": {
      "version": "2.1.1",
      "resolved": "https://registry.npmjs.org/@platform-os/testcafe-helpers/-/testcafe-helpers-2.1.1.tgz",
      "integrity": "sha512-eWWY+K7D2wDE4x/URhMAymmM0vFIJAOu38ri2hatz80RgDgD5IlCgl94Vi5TeGI5G9Ebj9YMzzMXAh4iEwZBMw==",
      "dev": true
    },
    "faker": {
      "version": "4.1.0",
      "resolved": "https://registry.npmjs.org/faker/-/faker-4.1.0.tgz",
      "integrity": "sha1-HkW7vsxndLPBlfrSg1EJxtdIzD8=",
      "dev": true
    }
  }
}
