{
  "name": "marketplace-example",
  "version": "1.0.0",
  "lockfileVersion": 1,
  "requires": true,
  "dependencies": {
    "@platform-os/testcafe-helpers": {
      "version": "2.0.1",
      "resolved": "https://registry.npmjs.org/@platform-os/testcafe-helpers/-/testcafe-helpers-2.0.1.tgz",
      "integrity": "sha512-kjjit4XBvf3oDz1U2OI9x7qtEt9QcoxZ+2sZffyqlXqWk5yQqPPL2ecLxMzclRTvUotHVF13GOvT139z9GuQTw==",
      "dev": true
    }
  }
}
